
Microsoft Visual Studio Solution File, Format Version 12.00
# Visual Studio Version 17
VisualStudioVersion = 17.14.36429.23
MinimumVisualStudioVersion = 10.0.40219.1
Project("{2150E333-8FDC-42A3-9474-1A3956D46DE8}") = "src", "src", "{02EA681E-C7D8-13C7-8484-4AC65E1B71E8}"
EndProject
Project("{FAE04EC0-301F-11D3-BF4B-00C04F79EFBC}") = "Models", "src\Models\Models.csproj", "{DEFD1C79-7087-7395-A31C-34B394F456FE}"
EndProject
Project("{FAE04EC0-301F-11D3-BF4B-00C04F79EFBC}") = "Data", "src\Data\Data.csproj", "{03B8D5E4-3F08-16A4-314A-DDB8B4BFDCFA}"
EndProject
Project("{FAE04EC0-301F-11D3-BF4B-00C04F79EFBC}") = "Services", "src\Services\Services.csproj", "{23FEB2A4-D9B0-33A5-FA86-CB5942E641D0}"
EndProject
Project("{FAE04EC0-301F-11D3-BF4B-00C04F79EFBC}") = "API", "src\API\API.csproj", "{CBAFC0F9-5B69-AE5B-776E-B650E010DF04}"
EndProject
Project("{2150E333-8FDC-42A3-9474-1A3956D46DE8}") = "tests", "tests", "{B0D1F719-23BD-465C-A30E-F9AEE84281F0}"
EndProject
Project("{FAE04EC0-301F-11D3-BF4B-00C04F79EFBC}") = "Services.Tests", "tests\Services.Tests\Services.Tests.csproj", "{EBB60DAB-768E-24DC-E51F-96635CF4A797}"
EndProject
Global
	GlobalSection(SolutionConfigurationPlatforms) = preSolution
		Debug|Any CPU = Debug|Any CPU
		Release|Any CPU = Release|Any CPU
	EndGlobalSection
	GlobalSection(ProjectConfigurationPlatforms) = postSolution
		{DEFD1C79-7087-7395-A31C-34B394F456FE}.Debug|Any CPU.ActiveCfg = Debug|Any CPU
		{DEFD1C79-7087-7395-A31C-34B394F456FE}.Debug|Any CPU.Build.0 = Debug|Any CPU
		{DEFD1C79-7087-7395-A31C-34B394F456FE}.Release|Any CPU.ActiveCfg = Release|Any CPU
		{DEFD1C79-7087-7395-A31C-34B394F456FE}.Release|Any CPU.Build.0 = Release|Any CPU
		{03B8D5E4-3F08-16A4-314A-DDB8B4BFDCFA}.Debug|Any CPU.ActiveCfg = Debug|Any CPU
		{03B8D5E4-3F08-16A4-314A-DDB8B4BFDCFA}.Debug|Any CPU.Build.0 = Debug|Any CPU
		{03B8D5E4-3F08-16A4-314A-DDB8B4BFDCFA}.Release|Any CPU.ActiveCfg = Release|Any CPU
		{03B8D5E4-3F08-16A4-314A-DDB8B4BFDCFA}.Release|Any CPU.Build.0 = Release|Any CPU
		{23FEB2A4-D9B0-33A5-FA86-CB5942E641D0}.Debug|Any CPU.ActiveCfg = Debug|Any CPU
		{23FEB2A4-D9B0-33A5-FA86-CB5942E641D0}.Debug|Any CPU.Build.0 = Debug|Any CPU
		{23FEB2A4-D9B0-33A5-FA86-CB5942E641D0}.Release|Any CPU.ActiveCfg = Release|Any CPU
		{23FEB2A4-D9B0-33A5-FA86-CB5942E641D0}.Release|Any CPU.Build.0 = Release|Any CPU
		{CBAFC0F9-5B69-AE5B-776E-B650E010DF04}.Debug|Any CPU.ActiveCfg = Debug|Any CPU
		{CBAFC0F9-5B69-AE5B-776E-B650E010DF04}.Debug|Any CPU.Build.0 = Debug|Any CPU
		{CBAFC0F9-5B69-AE5B-776E-B650E010DF04}.Release|Any CPU.ActiveCfg = Release|Any CPU
		{CBAFC0F9-5B69-AE5B-776E-B650E010DF04}.Release|Any CPU.Build.0 = Release|Any CPU
		{EBB60DAB-768E-24DC-E51F-96635CF4A797}.Debug|Any CPU.ActiveCfg = Debug|Any CPU
		{EBB60DAB-768E-24DC-E51F-96635CF4A797}.Debug|Any CPU.Build.0 = Debug|Any CPU
		{EBB60DAB-768E-24DC-E51F-96635CF4A797}.Release|Any CPU.ActiveCfg = Release|Any CPU
		{EBB60DAB-768E-24DC-E51F-96635CF4A797}.Release|Any CPU.Build.0 = Release|Any CPU
	EndGlobalSection
	GlobalSection(SolutionProperties) = preSolution
		HideSolutionNode = FALSE
	EndGlobalSection
	GlobalSection(NestedProjects) = preSolution
		{DEFD1C79-7087-7395-A31C-34B394F456FE} = {02EA681E-C7D8-13C7-8484-4AC65E1B71E8}
		{03B8D5E4-3F08-16A4-314A-DDB8B4BFDCFA} = {02EA681E-C7D8-13C7-8484-4AC65E1B71E8}
		{23FEB2A4-D9B0-33A5-FA86-CB5942E641D0} = {02EA681E-C7D8-13C7-8484-4AC65E1B71E8}
		{CBAFC0F9-5B69-AE5B-776E-B650E010DF04} = {02EA681E-C7D8-13C7-8484-4AC65E1B71E8}
		{EBB60DAB-768E-24DC-E51F-96635CF4A797} = {B0D1F719-23BD-465C-A30E-F9AEE84281F0}
	EndGlobalSection
	GlobalSection(ExtensibilityGlobals) = postSolution
		SolutionGuid = {994DA6EA-E773-4D8B-B699-517C95D58CA3}
	EndGlobalSection
EndGlobal
